
Microsoft Visual Studio Solution File, Format Version 12.00
# Visual Studio Version 17
VisualStudioVersion = 17.10.34916.146
MinimumVisualStudioVersion = 10.0.40219.1
Project("{2150E333-8FDC-42A3-9474-1A3956D46DE8}") = "Services", "Services", "{C4552F96-CD1D-4E54-844B-1156E4565565}"
EndProject
Project("{2150E333-8FDC-42A3-9474-1A3956D46DE8}") = "Catalog", "Catalog", "{129BFD77-4465-4423-809F-44BB2DBC95A1}"
EndProject
Project("{2150E333-8FDC-42A3-9474-1A3956D46DE8}") = "Basket", "Basket", "{22569E69-F72A-43C3-86AC-3F99BAC0F7BC}"
EndProject
Project("{2150E333-8FDC-42A3-9474-1A3956D46DE8}") = "Order", "Order", "{EAE29FAB-200B-40CC-8569-CB4EC4C926A4}"
EndProject
Project("{2150E333-8FDC-42A3-9474-1A3956D46DE8}") = "Discount", "Discount", "{0E84E4F3-7693-4AE7-91FC-C4EE50C0E16E}"
EndProject
Project("{2150E333-8FDC-42A3-9474-1A3956D46DE8}") = "Payment", "Payment", "{9412EB31-9942-4F93-87EB-9F3B3F0A2211}"
EndProject
Project("{2150E333-8FDC-42A3-9474-1A3956D46DE8}") = "Frontends", "Frontends", "{081A7866-BC19-4BEC-98D1-C4434685D618}"
EndProject
Project("{2150E333-8FDC-42A3-9474-1A3956D46DE8}") = "IdentityServer", "IdentityServer", "{212799CB-0E23-4ED1-9E77-69773B06BE7E}"
EndProject
Project("{9A19103F-16F7-4668-BE54-9A1E7A4F7556}") = "EShopper.Catalog", "Services\Catalog\EShopper.Catalog\EShopper.Catalog.csproj", "{39FD77AC-ECCF-4FC6-B8CD-A846ED284BB9}"
EndProject
Project("{2150E333-8FDC-42A3-9474-1A3956D46DE8}") = "Requirements", "Requirements", "{FF4174B5-7402-4500-84E8-1E122470DE80}"
	ProjectSection(SolutionItems) = preProject
		Ports.txt = Ports.txt
	EndProjectSection
EndProject
Project("{9A19103F-16F7-4668-BE54-9A1E7A4F7556}") = "EShopper.Discount", "Services\Discount\EShopper.Discount\EShopper.Discount.csproj", "{914BA338-230A-44C6-A690-512937C510A3}"
EndProject
Project("{9A19103F-16F7-4668-BE54-9A1E7A4F7556}") = "EShopper.Order.EntityLayer", "Services\Order\EShopper.Order.EntityLayer\EShopper.Order.EntityLayer.csproj", "{2FE6D9AE-370A-486A-A93B-503BE6EE51FE}"
EndProject
Project("{9A19103F-16F7-4668-BE54-9A1E7A4F7556}") = "EShopper.Order.DataAccessLayer", "Services\Order\EShopper.Order.DataAccessLayer\EShopper.Order.DataAccessLayer.csproj", "{47B6D2FB-C04B-4404-81D7-822D16726DC3}"
EndProject
Project("{9A19103F-16F7-4668-BE54-9A1E7A4F7556}") = "EShopper.Order.BusinessLayer", "Services\Order\EShopper.Order.BusinessLayer\EShopper.Order.BusinessLayer.csproj", "{D736F886-2264-44FE-9CA7-431CDB9E0BEF}"
EndProject
Project("{9A19103F-16F7-4668-BE54-9A1E7A4F7556}") = "EShopper.Order.WebApi", "Services\Order\EShopper.Order.WebApi\EShopper.Order.WebApi.csproj", "{9ED0787C-72CB-4D69-8F3D-132E5BB1D649}"
EndProject
Project("{9A19103F-16F7-4668-BE54-9A1E7A4F7556}") = "EShopper.Order.DtoLayer", "Services\Order\EShopper.Order.DtoLayer\EShopper.Order.DtoLayer.csproj", "{D0A5CC03-2640-4250-B7AE-EDE070584DF9}"
EndProject
Project("{2150E333-8FDC-42A3-9474-1A3956D46DE8}") = "Gateway", "Gateway", "{EA418A78-9019-4EFF-A817-B1A237DF56B8}"
EndProject
Project("{2150E333-8FDC-42A3-9474-1A3956D46DE8}") = "SignalR", "SignalR", "{7CDB675D-1137-48C7-AEEF-E7F2AD6C5D51}"
EndProject
Project("{9A19103F-16F7-4668-BE54-9A1E7A4F7556}") = "EShopper.SignalR", "Services\SignalR\EShopper.SignalR\EShopper.SignalR.csproj", "{82896BC4-2AA8-4E45-9BC0-928371CA01A1}"
EndProject
Project("{9A19103F-16F7-4668-BE54-9A1E7A4F7556}") = "EShopper.SignalR.WebUI", "Services\SignalR\EShopper.SignalR.WebUI\EShopper.SignalR.WebUI.csproj", "{B07AD195-5286-4441-84E1-04567795B2CF}"
EndProject
Project("{9A19103F-16F7-4668-BE54-9A1E7A4F7556}") = "EShopper.IdentityServer", "IdentityServer\EShopper.IdentityServer\EShopper.IdentityServer.csproj", "{941C1934-398C-4EFE-A9B1-8430144815A2}"
EndProject
Project("{2150E333-8FDC-42A3-9474-1A3956D46DE8}") = "Message", "Message", "{11D90CE9-B715-4975-8824-852FD82FAD0F}"
EndProject
Project("{2150E333-8FDC-42A3-9474-1A3956D46DE8}") = "Core", "Core", "{48E7B622-F85A-40E0-B29C-E90D7E2D0917}"
EndProject
Project("{2150E333-8FDC-42A3-9474-1A3956D46DE8}") = "Infrastructure", "Infrastructure", "{E9651E74-205B-4676-8E29-E89825198897}"
EndProject
Project("{2150E333-8FDC-42A3-9474-1A3956D46DE8}") = "Presentation", "Presentation", "{9A304F6F-E335-475F-B39F-1B6FF004B3AF}"
EndProject
Project("{FAE04EC0-301F-11D3-BF4B-00C04F79EFBC}") = "EShopper.Message.Domain", "Services\Message\Core\EShopper.Message.Domain\EShopper.Message.Domain.csproj", "{590FCBC1-B2F1-47B3-BDEE-A32C649ED5EA}"
EndProject
Project("{FAE04EC0-301F-11D3-BF4B-00C04F79EFBC}") = "EShopper.Message.Application", "Services\Message\Core\EShopper.Message.Application\EShopper.Message.Application.csproj", "{C26EEE1D-5F10-4BD6-B13D-46DD6491E0DE}"
EndProject
Project("{FAE04EC0-301F-11D3-BF4B-00C04F79EFBC}") = "EShopper.Message.Persistence", "Services\Message\Infrastructure\EShopper.Message.Persistence\EShopper.Message.Persistence.csproj", "{0A01B3D4-B9CC-42C9-BB4F-BC940CF9EBD3}"
EndProject
Project("{FAE04EC0-301F-11D3-BF4B-00C04F79EFBC}") = "EShopper.Message.API", "Services\Message\Presentation\EShopper.Message.API\EShopper.Message.API.csproj", "{501CC3B7-8D00-4F43-B1FA-8E8716ED6251}"
EndProject
Global
	GlobalSection(SolutionConfigurationPlatforms) = preSolution
		Debug|Any CPU = Debug|Any CPU
		Release|Any CPU = Release|Any CPU
	EndGlobalSection
	GlobalSection(ProjectConfigurationPlatforms) = postSolution
		{39FD77AC-ECCF-4FC6-B8CD-A846ED284BB9}.Debug|Any CPU.ActiveCfg = Debug|Any CPU
		{39FD77AC-ECCF-4FC6-B8CD-A846ED284BB9}.Debug|Any CPU.Build.0 = Debug|Any CPU
		{39FD77AC-ECCF-4FC6-B8CD-A846ED284BB9}.Release|Any CPU.ActiveCfg = Release|Any CPU
		{39FD77AC-ECCF-4FC6-B8CD-A846ED284BB9}.Release|Any CPU.Build.0 = Release|Any CPU
		{914BA338-230A-44C6-A690-512937C510A3}.Debug|Any CPU.ActiveCfg = Debug|Any CPU
		{914BA338-230A-44C6-A690-512937C510A3}.Debug|Any CPU.Build.0 = Debug|Any CPU
		{914BA338-230A-44C6-A690-512937C510A3}.Release|Any CPU.ActiveCfg = Release|Any CPU
		{914BA338-230A-44C6-A690-512937C510A3}.Release|Any CPU.Build.0 = Release|Any CPU
		{2FE6D9AE-370A-486A-A93B-503BE6EE51FE}.Debug|Any CPU.ActiveCfg = Debug|Any CPU
		{2FE6D9AE-370A-486A-A93B-503BE6EE51FE}.Debug|Any CPU.Build.0 = Debug|Any CPU
		{2FE6D9AE-370A-486A-A93B-503BE6EE51FE}.Release|Any CPU.ActiveCfg = Release|Any CPU
		{2FE6D9AE-370A-486A-A93B-503BE6EE51FE}.Release|Any CPU.Build.0 = Release|Any CPU
		{47B6D2FB-C04B-4404-81D7-822D16726DC3}.Debug|Any CPU.ActiveCfg = Debug|Any CPU
		{47B6D2FB-C04B-4404-81D7-822D16726DC3}.Debug|Any CPU.Build.0 = Debug|Any CPU
		{47B6D2FB-C04B-4404-81D7-822D16726DC3}.Release|Any CPU.ActiveCfg = Release|Any CPU
		{47B6D2FB-C04B-4404-81D7-822D16726DC3}.Release|Any CPU.Build.0 = Release|Any CPU
		{D736F886-2264-44FE-9CA7-431CDB9E0BEF}.Debug|Any CPU.ActiveCfg = Debug|Any CPU
		{D736F886-2264-44FE-9CA7-431CDB9E0BEF}.Debug|Any CPU.Build.0 = Debug|Any CPU
		{D736F886-2264-44FE-9CA7-431CDB9E0BEF}.Release|Any CPU.ActiveCfg = Release|Any CPU
		{D736F886-2264-44FE-9CA7-431CDB9E0BEF}.Release|Any CPU.Build.0 = Release|Any CPU
		{9ED0787C-72CB-4D69-8F3D-132E5BB1D649}.Debug|Any CPU.ActiveCfg = Debug|Any CPU
		{9ED0787C-72CB-4D69-8F3D-132E5BB1D649}.Debug|Any CPU.Build.0 = Debug|Any CPU
		{9ED0787C-72CB-4D69-8F3D-132E5BB1D649}.Release|Any CPU.ActiveCfg = Release|Any CPU
		{9ED0787C-72CB-4D69-8F3D-132E5BB1D649}.Release|Any CPU.Build.0 = Release|Any CPU
		{D0A5CC03-2640-4250-B7AE-EDE070584DF9}.Debug|Any CPU.ActiveCfg = Debug|Any CPU
		{D0A5CC03-2640-4250-B7AE-EDE070584DF9}.Debug|Any CPU.Build.0 = Debug|Any CPU
		{D0A5CC03-2640-4250-B7AE-EDE070584DF9}.Release|Any CPU.ActiveCfg = Release|Any CPU
		{D0A5CC03-2640-4250-B7AE-EDE070584DF9}.Release|Any CPU.Build.0 = Release|Any CPU
		{82896BC4-2AA8-4E45-9BC0-928371CA01A1}.Debug|Any CPU.ActiveCfg = Debug|Any CPU
		{82896BC4-2AA8-4E45-9BC0-928371CA01A1}.Debug|Any CPU.Build.0 = Debug|Any CPU
		{82896BC4-2AA8-4E45-9BC0-928371CA01A1}.Release|Any CPU.ActiveCfg = Release|Any CPU
		{82896BC4-2AA8-4E45-9BC0-928371CA01A1}.Release|Any CPU.Build.0 = Release|Any CPU
		{B07AD195-5286-4441-84E1-04567795B2CF}.Debug|Any CPU.ActiveCfg = Debug|Any CPU
		{B07AD195-5286-4441-84E1-04567795B2CF}.Debug|Any CPU.Build.0 = Debug|Any CPU
		{B07AD195-5286-4441-84E1-04567795B2CF}.Release|Any CPU.ActiveCfg = Release|Any CPU
		{B07AD195-5286-4441-84E1-04567795B2CF}.Release|Any CPU.Build.0 = Release|Any CPU
		{941C1934-398C-4EFE-A9B1-8430144815A2}.Debug|Any CPU.ActiveCfg = Debug|Any CPU
		{941C1934-398C-4EFE-A9B1-8430144815A2}.Debug|Any CPU.Build.0 = Debug|Any CPU
		{941C1934-398C-4EFE-A9B1-8430144815A2}.Release|Any CPU.ActiveCfg = Release|Any CPU
		{941C1934-398C-4EFE-A9B1-8430144815A2}.Release|Any CPU.Build.0 = Release|Any CPU
		{590FCBC1-B2F1-47B3-BDEE-A32C649ED5EA}.Debug|Any CPU.ActiveCfg = Debug|Any CPU
		{590FCBC1-B2F1-47B3-BDEE-A32C649ED5EA}.Debug|Any CPU.Build.0 = Debug|Any CPU
		{590FCBC1-B2F1-47B3-BDEE-A32C649ED5EA}.Release|Any CPU.ActiveCfg = Release|Any CPU
		{590FCBC1-B2F1-47B3-BDEE-A32C649ED5EA}.Release|Any CPU.Build.0 = Release|Any CPU
		{C26EEE1D-5F10-4BD6-B13D-46DD6491E0DE}.Debug|Any CPU.ActiveCfg = Debug|Any CPU
		{C26EEE1D-5F10-4BD6-B13D-46DD6491E0DE}.Debug|Any CPU.Build.0 = Debug|Any CPU
		{C26EEE1D-5F10-4BD6-B13D-46DD6491E0DE}.Release|Any CPU.ActiveCfg = Release|Any CPU
		{C26EEE1D-5F10-4BD6-B13D-46DD6491E0DE}.Release|Any CPU.Build.0 = Release|Any CPU
		{0A01B3D4-B9CC-42C9-BB4F-BC940CF9EBD3}.Debug|Any CPU.ActiveCfg = Debug|Any CPU
		{0A01B3D4-B9CC-42C9-BB4F-BC940CF9EBD3}.Debug|Any CPU.Build.0 = Debug|Any CPU
		{0A01B3D4-B9CC-42C9-BB4F-BC940CF9EBD3}.Release|Any CPU.ActiveCfg = Release|Any CPU
		{0A01B3D4-B9CC-42C9-BB4F-BC940CF9EBD3}.Release|Any CPU.Build.0 = Release|Any CPU
		{501CC3B7-8D00-4F43-B1FA-8E8716ED6251}.Debug|Any CPU.ActiveCfg = Debug|Any CPU
		{501CC3B7-8D00-4F43-B1FA-8E8716ED6251}.Debug|Any CPU.Build.0 = Debug|Any CPU
		{501CC3B7-8D00-4F43-B1FA-8E8716ED6251}.Release|Any CPU.ActiveCfg = Release|Any CPU
		{501CC3B7-8D00-4F43-B1FA-8E8716ED6251}.Release|Any CPU.Build.0 = Release|Any CPU
	EndGlobalSection
	GlobalSection(SolutionProperties) = preSolution
		HideSolutionNode = FALSE
	EndGlobalSection
	GlobalSection(NestedProjects) = preSolution
		{129BFD77-4465-4423-809F-44BB2DBC95A1} = {C4552F96-CD1D-4E54-844B-1156E4565565}
		{22569E69-F72A-43C3-86AC-3F99BAC0F7BC} = {C4552F96-CD1D-4E54-844B-1156E4565565}
		{EAE29FAB-200B-40CC-8569-CB4EC4C926A4} = {C4552F96-CD1D-4E54-844B-1156E4565565}
		{0E84E4F3-7693-4AE7-91FC-C4EE50C0E16E} = {C4552F96-CD1D-4E54-844B-1156E4565565}
		{9412EB31-9942-4F93-87EB-9F3B3F0A2211} = {C4552F96-CD1D-4E54-844B-1156E4565565}
		{39FD77AC-ECCF-4FC6-B8CD-A846ED284BB9} = {129BFD77-4465-4423-809F-44BB2DBC95A1}
		{914BA338-230A-44C6-A690-512937C510A3} = {0E84E4F3-7693-4AE7-91FC-C4EE50C0E16E}
		{2FE6D9AE-370A-486A-A93B-503BE6EE51FE} = {EAE29FAB-200B-40CC-8569-CB4EC4C926A4}
		{47B6D2FB-C04B-4404-81D7-822D16726DC3} = {EAE29FAB-200B-40CC-8569-CB4EC4C926A4}
		{D736F886-2264-44FE-9CA7-431CDB9E0BEF} = {EAE29FAB-200B-40CC-8569-CB4EC4C926A4}
		{9ED0787C-72CB-4D69-8F3D-132E5BB1D649} = {EAE29FAB-200B-40CC-8569-CB4EC4C926A4}
		{D0A5CC03-2640-4250-B7AE-EDE070584DF9} = {EAE29FAB-200B-40CC-8569-CB4EC4C926A4}
		{7CDB675D-1137-48C7-AEEF-E7F2AD6C5D51} = {C4552F96-CD1D-4E54-844B-1156E4565565}
		{82896BC4-2AA8-4E45-9BC0-928371CA01A1} = {7CDB675D-1137-48C7-AEEF-E7F2AD6C5D51}
		{B07AD195-5286-4441-84E1-04567795B2CF} = {7CDB675D-1137-48C7-AEEF-E7F2AD6C5D51}
		{941C1934-398C-4EFE-A9B1-8430144815A2} = {212799CB-0E23-4ED1-9E77-69773B06BE7E}
		{11D90CE9-B715-4975-8824-852FD82FAD0F} = {C4552F96-CD1D-4E54-844B-1156E4565565}
		{48E7B622-F85A-40E0-B29C-E90D7E2D0917} = {11D90CE9-B715-4975-8824-852FD82FAD0F}
		{E9651E74-205B-4676-8E29-E89825198897} = {11D90CE9-B715-4975-8824-852FD82FAD0F}
		{9A304F6F-E335-475F-B39F-1B6FF004B3AF} = {11D90CE9-B715-4975-8824-852FD82FAD0F}
		{590FCBC1-B2F1-47B3-BDEE-A32C649ED5EA} = {48E7B622-F85A-40E0-B29C-E90D7E2D0917}
		{C26EEE1D-5F10-4BD6-B13D-46DD6491E0DE} = {48E7B622-F85A-40E0-B29C-E90D7E2D0917}
		{0A01B3D4-B9CC-42C9-BB4F-BC940CF9EBD3} = {E9651E74-205B-4676-8E29-E89825198897}
		{501CC3B7-8D00-4F43-B1FA-8E8716ED6251} = {9A304F6F-E335-475F-B39F-1B6FF004B3AF}
	EndGlobalSection
	GlobalSection(ExtensibilityGlobals) = postSolution
		SolutionGuid = {E11634AA-9D9C-432E-A981-6ECE546124EF}
	EndGlobalSection
EndGlobal
