
Microsoft Visual Studio Solution File, Format Version 12.00
# Visual Studio Version 17
VisualStudioVersion = 17.10.34916.146
MinimumVisualStudioVersion = 10.0.40219.1
Project("{2150E333-8FDC-42A3-9474-1A3956D46DE8}") = "Services", "Services", "{C4552F96-CD1D-4E54-844B-1156E4565565}"
EndProject
Project("{2150E333-8FDC-42A3-9474-1A3956D46DE8}") = "Catalog", "Catalog", "{129BFD77-4465-4423-809F-44BB2DBC95A1}"
EndProject
Project("{2150E333-8FDC-42A3-9474-1A3956D46DE8}") = "Basket", "Basket", "{22569E69-F72A-43C3-86AC-3F99BAC0F7BC}"
EndProject
Project("{2150E333-8FDC-42A3-9474-1A3956D46DE8}") = "Order", "Order", "{EAE29FAB-200B-40CC-8569-CB4EC4C926A4}"
EndProject
Project("{2150E333-8FDC-42A3-9474-1A3956D46DE8}") = "Discount", "Discount", "{0E84E4F3-7693-4AE7-91FC-C4EE50C0E16E}"
EndProject
Project("{2150E333-8FDC-42A3-9474-1A3956D46DE8}") = "Payment", "Payment", "{9412EB31-9942-4F93-87EB-9F3B3F0A2211}"
EndProject
Project("{2150E333-8FDC-42A3-9474-1A3956D46DE8}") = "Frontends", "Frontends", "{081A7866-BC19-4BEC-98D1-C4434685D618}"
EndProject
Project("{2150E333-8FDC-42A3-9474-1A3956D46DE8}") = "IdentityServer", "IdentityServer", "{212799CB-0E23-4ED1-9E77-69773B06BE7E}"
EndProject
Project("{FAE04EC0-301F-11D3-BF4B-00C04F79EFBC}") = "EShopper.Catalog", "Services\Catalog\EShopper.Catalog\EShopper.Catalog.csproj", "{39FD77AC-ECCF-4FC6-B8CD-A846ED284BB9}"
EndProject
Project("{2150E333-8FDC-42A3-9474-1A3956D46DE8}") = "Requirements", "Requirements", "{FF4174B5-7402-4500-84E8-1E122470DE80}"
	ProjectSection(SolutionItems) = preProject
		Ports.txt = Ports.txt
	EndProjectSection
EndProject
Global
	GlobalSection(SolutionConfigurationPlatforms) = preSolution
		Debug|Any CPU = Debug|Any CPU
		Release|Any CPU = Release|Any CPU
	EndGlobalSection
	GlobalSection(ProjectConfigurationPlatforms) = postSolution
		{39FD77AC-ECCF-4FC6-B8CD-A846ED284BB9}.Debug|Any CPU.ActiveCfg = Debug|Any CPU
		{39FD77AC-ECCF-4FC6-B8CD-A846ED284BB9}.Debug|Any CPU.Build.0 = Debug|Any CPU
		{39FD77AC-ECCF-4FC6-B8CD-A846ED284BB9}.Release|Any CPU.ActiveCfg = Release|Any CPU
		{39FD77AC-ECCF-4FC6-B8CD-A846ED284BB9}.Release|Any CPU.Build.0 = Release|Any CPU
	EndGlobalSection
	GlobalSection(SolutionProperties) = preSolution
		HideSolutionNode = FALSE
	EndGlobalSection
	GlobalSection(NestedProjects) = preSolution
		{129BFD77-4465-4423-809F-44BB2DBC95A1} = {C4552F96-CD1D-4E54-844B-1156E4565565}
		{22569E69-F72A-43C3-86AC-3F99BAC0F7BC} = {C4552F96-CD1D-4E54-844B-1156E4565565}
		{EAE29FAB-200B-40CC-8569-CB4EC4C926A4} = {C4552F96-CD1D-4E54-844B-1156E4565565}
		{0E84E4F3-7693-4AE7-91FC-C4EE50C0E16E} = {C4552F96-CD1D-4E54-844B-1156E4565565}
		{9412EB31-9942-4F93-87EB-9F3B3F0A2211} = {C4552F96-CD1D-4E54-844B-1156E4565565}
		{39FD77AC-ECCF-4FC6-B8CD-A846ED284BB9} = {129BFD77-4465-4423-809F-44BB2DBC95A1}
	EndGlobalSection
	GlobalSection(ExtensibilityGlobals) = postSolution
		SolutionGuid = {E11634AA-9D9C-432E-A981-6ECE546124EF}
	EndGlobalSection
EndGlobal
